<?xml version="1.0" encoding="utf-8"?>
<Project ToolsVersion="4.0" xmlns="http://schemas.microsoft.com/developer/msbuild/2003">
  <ItemGroup>
    <Filter Include="Source Files">
      <UniqueIdentifier>{4FC737F1-C7A5-4376-A066-2A32D752A2FF}</UniqueIdentifier>
      <Extensions>cpp;c;cc;cxx;def;odl;idl;hpj;bat;asm;asmx</Extensions>
    </Filter>
    <Filter Include="Header Files">
      <UniqueIdentifier>{93995380-89BD-4b04-88EB-625FBE52EBFB}</UniqueIdentifier>
      <Extensions>h;hh;hpp;hxx;hm;inl;inc;xsd</Extensions>
    </Filter>
    <Filter Include="Resource Files">
      <UniqueIdentifier>{67DA6AB6-F800-4c08-8B7A-83BB121AAD01}</UniqueIdentifier>
      <Extensions>rc;ico;cur;bmp;dlg;rc2;rct;bin;rgs;gif;jpg;jpeg;jpe;resx;tiff;tif;png;wav;mfcribbon-ms</Extensions>
    </Filter>
    <Filter Include="Source Files\src">
      <UniqueIdentifier>{53f43eda-e889-4f67-bbac-8b2664998a3b}</UniqueIdentifier>
    </Filter>
  </ItemGroup>
  <ItemGroup>
    <ClCompile Include="..\..\src\BabyX.c">
      <Filter>Source Files\src</Filter>
    </ClCompile>
    <ClCompile Include="..\..\src\bbx.c">
      <Filter>Source Files\src</Filter>
    </ClCompile>
    <ClCompile Include="..\..\src\BBX_Button.c">
      <Filter>Source Files\src</Filter>
    </ClCompile>
    <ClCompile Include="..\..\src\BBX_Canvas.c">
      <Filter>Source Files\src</Filter>
    </ClCompile>
    <ClCompile Include="..\..\src\BBX_CheckBox.c">
      <Filter>Source Files\src</Filter>
    </ClCompile>
    <ClCompile Include="..\..\src\BBX_Clipboard.c">
      <Filter>Source Files\src</Filter>
    </ClCompile>
    <ClCompile Include="..\..\src\BBX_Colours.c">
      <Filter>Source Files\src</Filter>
    </ClCompile>
    <ClCompile Include="..\..\src\BBX_DialogPanel.c">
      <Filter>Source Files\src</Filter>
    </ClCompile>
    <ClCompile Include="..\..\src\BBX_EditBox.c">
      <Filter>Source Files\src</Filter>
    </ClCompile>
    <ClCompile Include="..\..\src\BBX_FilePicker.c">
      <Filter>Source Files\src</Filter>
    </ClCompile>
    <ClCompile Include="..\..\src\BBX_Font.c">
      <Filter>Source Files\src</Filter>
    </ClCompile>
    <ClCompile Include="..\..\src\bbx_graphicssupport.c">
      <Filter>Source Files\src</Filter>
    </ClCompile>
    <ClCompile Include="..\..\src\BBX_Label.c">
      <Filter>Source Files\src</Filter>
    </ClCompile>
    <ClCompile Include="..\..\src\BBX_LineEdit.c">
      <Filter>Source Files\src</Filter>
    </ClCompile>
    <ClCompile Include="..\..\src\BBX_ListBox.c">
      <Filter>Source Files\src</Filter>
    </ClCompile>
    <ClCompile Include="..\..\src\BBX_Menubar.c">
      <Filter>Source Files\src</Filter>
    </ClCompile>
    <ClCompile Include="..\..\src\BBX_MessageBox.c">
      <Filter>Source Files\src</Filter>
    </ClCompile>
    <ClCompile Include="..\..\src\BBX_Panel.c">
      <Filter>Source Files\src</Filter>
    </ClCompile>
    <ClCompile Include="..\..\src\BBX_Popup.c">
      <Filter>Source Files\src</Filter>
    </ClCompile>
    <ClCompile Include="..\..\src\BBX_Popup2.c">
      <Filter>Source Files\src</Filter>
    </ClCompile>
    <ClCompile Include="..\..\src\BBX_PopupPanel.c">
      <Filter>Source Files\src</Filter>
    </ClCompile>
    <ClCompile Include="..\..\src\BBX_RadioBox.c">
      <Filter>Source Files\src</Filter>
    </ClCompile>
    <ClCompile Include="..\..\src\BBX_Scrollbar.c">
      <Filter>Source Files\src</Filter>
    </ClCompile>
    <ClCompile Include="..\..\src\BBX_ScrollPanel.c">
      <Filter>Source Files\src</Filter>
    </ClCompile>
    <ClCompile Include="..\..\src\BBX_Spinner.c">
      <Filter>Source Files\src</Filter>
    </ClCompile>
    <ClCompile Include="..\..\src\fixedfont.c">
      <Filter>Source Files\src</Filter>
    </ClCompile>
    <ClCompile Include="..\..\src\verattf.c">
      <Filter>Source Files\src</Filter>
    </ClCompile>
    <ClCompile Include="..\..\src\testbed.c">
      <Filter>Source Files\src</Filter>
    </ClCompile>
  </ItemGroup>
  <ItemGroup>
    <ClInclude Include="..\..\src\BabyX.h">
      <Filter>Source Files\src</Filter>
    </ClInclude>
    <ClInclude Include="..\..\src\BBX_Button.h">
      <Filter>Source Files\src</Filter>
    </ClInclude>
    <ClInclude Include="..\..\src\BBX_Canvas.h">
      <Filter>Source Files\src</Filter>
    </ClInclude>
    <ClInclude Include="..\..\src\BBX_CheckBox.h">
      <Filter>Source Files\src</Filter>
    </ClInclude>
    <ClInclude Include="..\..\src\BBX_Clipboard.h">
      <Filter>Source Files\src</Filter>
    </ClInclude>
    <ClInclude Include="..\..\src\BBX_Color.h">
      <Filter>Source Files\src</Filter>
    </ClInclude>
    <ClInclude Include="..\..\src\BBX_DialogPanel.h">
      <Filter>Source Files\src</Filter>
    </ClInclude>
    <ClInclude Include="..\..\src\BBX_EditBox.h">
      <Filter>Source Files\src</Filter>
    </ClInclude>
    <ClInclude Include="..\..\src\BBX_FilePicker.h">
      <Filter>Source Files\src</Filter>
    </ClInclude>
    <ClInclude Include="..\..\src\BBX_Font.h">
      <Filter>Source Files\src</Filter>
    </ClInclude>
    <ClInclude Include="..\..\src\bbx_graphicssupport.h">
      <Filter>Source Files\src</Filter>
    </ClInclude>
    <ClInclude Include="..\..\src\BBX_Label.h">
      <Filter>Source Files\src</Filter>
    </ClInclude>
    <ClInclude Include="..\..\src\BBX_LineEdit.h">
      <Filter>Source Files\src</Filter>
    </ClInclude>
    <ClInclude Include="..\..\src\BBX_ListBox.h">
      <Filter>Source Files\src</Filter>
    </ClInclude>
    <ClInclude Include="..\..\src\BBX_Menubar.h">
      <Filter>Source Files\src</Filter>
    </ClInclude>
    <ClInclude Include="..\..\src\BBX_MessageBox.h">
      <Filter>Source Files\src</Filter>
    </ClInclude>
    <ClInclude Include="..\..\src\BBX_Panel.h">
      <Filter>Source Files\src</Filter>
    </ClInclude>
    <ClInclude Include="..\..\src\BBX_Popup.h">
      <Filter>Source Files\src</Filter>
    </ClInclude>
    <ClInclude Include="..\..\src\BBX_Popup2.h">
      <Filter>Source Files\src</Filter>
    </ClInclude>
    <ClInclude Include="..\..\src\BBX_PopupPanel.h">
      <Filter>Source Files\src</Filter>
    </ClInclude>
    <ClInclude Include="..\..\src\BBX_RadioBox.h">
      <Filter>Source Files\src</Filter>
    </ClInclude>
    <ClInclude Include="..\..\src\BBX_Scrollbar.h">
      <Filter>Source Files\src</Filter>
    </ClInclude>
    <ClInclude Include="..\..\src\BBX_ScrollPanel.h">
      <Filter>Source Files\src</Filter>
    </ClInclude>
    <ClInclude Include="..\..\src\BBX_Spinner.h">
      <Filter>Source Files\src</Filter>
    </ClInclude>
    <ClInclude Include="..\..\src\font.h">
      <Filter>Source Files\src</Filter>
    </ClInclude>
  </ItemGroup>
</Project>